
Microsoft Visual Studio Solution File, Format Version 12.00
# Visual Studio Version 17
VisualStudioVersion = 17.0.31903.59
MinimumVisualStudioVersion = 10.0.40219.1
Project("{2150E333-8FDC-42A3-9474-1A3956D46DE8}") = "src", "src", "{37C9BF4B-CAF5-4917-8C4C-67AFCBD8A3B7}"
EndProject
Project("{FAE04EC0-301F-11D3-BF4B-00C04F79EFBC}") = "Plank.Core", "src\Plank.Core\Plank.Core.csproj", "{04DD2E8B-A94C-465D-87FB-A86932BF5E01}"
EndProject
Project("{FAE04EC0-301F-11D3-BF4B-00C04F79EFBC}") = "Plank.Core.Contracts", "src\Plank.Core.Contracts\Plank.Core.Contracts.csproj", "{E156D90D-8E4B-4C98-93C2-176025EBF8F4}"
EndProject
Project("{2150E333-8FDC-42A3-9474-1A3956D46DE8}") = "tests", "tests", "{795D5128-9D6B-4166-9812-2825E751F394}"
EndProject
Project("{FAE04EC0-301F-11D3-BF4B-00C04F79EFBC}") = "Plank.Core.Tests", "tests\Plank.Core.Tests\Plank.Core.Tests.csproj", "{8EB858A0-0888-4403-9684-98E5F01877C3}"
EndProject
Global
	GlobalSection(SolutionConfigurationPlatforms) = preSolution
		Debug|Any CPU = Debug|Any CPU
		Release|Any CPU = Release|Any CPU
	EndGlobalSection
	GlobalSection(SolutionProperties) = preSolution
		HideSolutionNode = FALSE
	EndGlobalSection
	GlobalSection(ProjectConfigurationPlatforms) = postSolution
		{04DD2E8B-A94C-465D-87FB-A86932BF5E01}.Debug|Any CPU.ActiveCfg = Debug|Any CPU
		{04DD2E8B-A94C-465D-87FB-A86932BF5E01}.Debug|Any CPU.Build.0 = Debug|Any CPU
		{04DD2E8B-A94C-465D-87FB-A86932BF5E01}.Release|Any CPU.ActiveCfg = Release|Any CPU
		{04DD2E8B-A94C-465D-87FB-A86932BF5E01}.Release|Any CPU.Build.0 = Release|Any CPU
		{E156D90D-8E4B-4C98-93C2-176025EBF8F4}.Debug|Any CPU.ActiveCfg = Debug|Any CPU
		{E156D90D-8E4B-4C98-93C2-176025EBF8F4}.Debug|Any CPU.Build.0 = Debug|Any CPU
		{E156D90D-8E4B-4C98-93C2-176025EBF8F4}.Release|Any CPU.ActiveCfg = Release|Any CPU
		{E156D90D-8E4B-4C98-93C2-176025EBF8F4}.Release|Any CPU.Build.0 = Release|Any CPU
		{8EB858A0-0888-4403-9684-98E5F01877C3}.Debug|Any CPU.ActiveCfg = Debug|Any CPU
		{8EB858A0-0888-4403-9684-98E5F01877C3}.Debug|Any CPU.Build.0 = Debug|Any CPU
		{8EB858A0-0888-4403-9684-98E5F01877C3}.Release|Any CPU.ActiveCfg = Release|Any CPU
		{8EB858A0-0888-4403-9684-98E5F01877C3}.Release|Any CPU.Build.0 = Release|Any CPU
	EndGlobalSection
	GlobalSection(NestedProjects) = preSolution
		{04DD2E8B-A94C-465D-87FB-A86932BF5E01} = {37C9BF4B-CAF5-4917-8C4C-67AFCBD8A3B7}
		{E156D90D-8E4B-4C98-93C2-176025EBF8F4} = {37C9BF4B-CAF5-4917-8C4C-67AFCBD8A3B7}
		{8EB858A0-0888-4403-9684-98E5F01877C3} = {795D5128-9D6B-4166-9812-2825E751F394}
	EndGlobalSection
EndGlobal
